
Microsoft Visual Studio Solution File, Format Version 12.00
# Visual Studio 15
VisualStudioVersion = 15.0.27703.2026
MinimumVisualStudioVersion = 10.0.40219.1
Project("{FAE04EC0-301F-11D3-BF4B-00C04F79EFBC}") = "Richter Blom SEN Project", "Richter Blom SEN Project\Richter Blom SEN Project.csproj", "{D9EDAB79-D4A9-4FC6-B457-E1D4E4CB7486}"
EndProject
Project("{FAE04EC0-301F-11D3-BF4B-00C04F79EFBC}") = "BusinessLogicLayer", "BusinessLogicLayer\BusinessLogicLayer.csproj", "{885BDC13-D3BE-40FA-9299-BBB9B21FBC97}"
EndProject
Project("{FAE04EC0-301F-11D3-BF4B-00C04F79EFBC}") = "DataAccessLayer", "DataAccessLayer\DataAccessLayer.csproj", "{C4519837-94F7-4056-8ACA-224199DF5C37}"
EndProject
Global
	GlobalSection(SolutionConfigurationPlatforms) = preSolution
		Debug|Any CPU = Debug|Any CPU
		Release|Any CPU = Release|Any CPU
	EndGlobalSection
	GlobalSection(ProjectConfigurationPlatforms) = postSolution
		{D9EDAB79-D4A9-4FC6-B457-E1D4E4CB7486}.Debug|Any CPU.ActiveCfg = Debug|Any CPU
		{D9EDAB79-D4A9-4FC6-B457-E1D4E4CB7486}.Debug|Any CPU.Build.0 = Debug|Any CPU
		{D9EDAB79-D4A9-4FC6-B457-E1D4E4CB7486}.Release|Any CPU.ActiveCfg = Release|Any CPU
		{D9EDAB79-D4A9-4FC6-B457-E1D4E4CB7486}.Release|Any CPU.Build.0 = Release|Any CPU
		{885BDC13-D3BE-40FA-9299-BBB9B21FBC97}.Debug|Any CPU.ActiveCfg = Debug|Any CPU
		{885BDC13-D3BE-40FA-9299-BBB9B21FBC97}.Debug|Any CPU.Build.0 = Debug|Any CPU
		{885BDC13-D3BE-40FA-9299-BBB9B21FBC97}.Release|Any CPU.ActiveCfg = Release|Any CPU
		{885BDC13-D3BE-40FA-9299-BBB9B21FBC97}.Release|Any CPU.Build.0 = Release|Any CPU
		{C4519837-94F7-4056-8ACA-224199DF5C37}.Debug|Any CPU.ActiveCfg = Debug|Any CPU
		{C4519837-94F7-4056-8ACA-224199DF5C37}.Debug|Any CPU.Build.0 = Debug|Any CPU
		{C4519837-94F7-4056-8ACA-224199DF5C37}.Release|Any CPU.ActiveCfg = Release|Any CPU
		{C4519837-94F7-4056-8ACA-224199DF5C37}.Release|Any CPU.Build.0 = Release|Any CPU
	EndGlobalSection
	GlobalSection(SolutionProperties) = preSolution
		HideSolutionNode = FALSE
	EndGlobalSection
	GlobalSection(ExtensibilityGlobals) = postSolution
		SolutionGuid = {6A3972B7-0BFB-4C02-8E1B-1FE13A0FA544}
	EndGlobalSection
EndGlobal
